PODS:
  - youtube-ios-player-helper (1.0.4)

DEPENDENCIES:
  - youtube-ios-player-helper

SPEC REPOS:
  trunk:
    - youtube-ios-player-helper

SPEC CHECKSUMS:
  youtube-ios-player-helper: e9b97535e816db3152179d84d999bc1807ecd689

PODFILE CHECKSUM: 3170f2511d44d2f0a3859d2dca39dd9cf86d33bb

COCOAPODS: 1.11.3
